
Microsoft Visual Studio Solution File, Format Version 12.00
# Visual Studio Version 16
VisualStudioVersion = 16.0.31624.102
MinimumVisualStudioVersion = 10.0.40219.1
Project("{FAE04EC0-301F-11D3-BF4B-00C04F79EFBC}") = "KT.CQRS", "KT.CQRS\KT.CQRS.csproj", "{484E2E89-8D77-47DC-8C1A-BF03242FE4F2}"
EndProject
Global
	GlobalSection(SolutionConfigurationPlatforms) = preSolution
		Debug|Any CPU = Debug|Any CPU
		Release|Any CPU = Release|Any CPU
	EndGlobalSection
	GlobalSection(ProjectConfigurationPlatforms) = postSolution
		{484E2E89-8D77-47DC-8C1A-BF03242FE4F2}.Debug|Any CPU.ActiveCfg = Debug|Any CPU
		{484E2E89-8D77-47DC-8C1A-BF03242FE4F2}.Debug|Any CPU.Build.0 = Debug|Any CPU
		{484E2E89-8D77-47DC-8C1A-BF03242FE4F2}.Release|Any CPU.ActiveCfg = Release|Any CPU
		{484E2E89-8D77-47DC-8C1A-BF03242FE4F2}.Release|Any CPU.Build.0 = Release|Any CPU
	EndGlobalSection
	GlobalSection(SolutionProperties) = preSolution
		HideSolutionNode = FALSE
	EndGlobalSection
	GlobalSection(ExtensibilityGlobals) = postSolution
		SolutionGuid = {F84CF54C-9618-4AD3-BC46-BF2D24BAB70E}
	EndGlobalSection
EndGlobal
